
Microsoft Visual Studio Solution File, Format Version 12.00
# Visual Studio Version 16
VisualStudioVersion = 16.0.29613.14
MinimumVisualStudioVersion = 10.0.40219.1
Project("{FAE04EC0-301F-11D3-BF4B-00C04F79EFBC}") = "Treely-2020", "Treely-2020\Treely-2020.csproj", "{8AAEA254-A889-48CF-B1E0-33297D8F0289}"
EndProject
Global
	GlobalSection(SolutionConfigurationPlatforms) = preSolution
		Debug|Any CPU = Debug|Any CPU
		Release|Any CPU = Release|Any CPU
	EndGlobalSection
	GlobalSection(ProjectConfigurationPlatforms) = postSolution
		{8AAEA254-A889-48CF-B1E0-33297D8F0289}.Debug|Any CPU.ActiveCfg = Debug|Any CPU
		{8AAEA254-A889-48CF-B1E0-33297D8F0289}.Debug|Any CPU.Build.0 = Debug|Any CPU
		{8AAEA254-A889-48CF-B1E0-33297D8F0289}.Release|Any CPU.ActiveCfg = Release|Any CPU
		{8AAEA254-A889-48CF-B1E0-33297D8F0289}.Release|Any CPU.Build.0 = Release|Any CPU
	EndGlobalSection
	GlobalSection(SolutionProperties) = preSolution
		HideSolutionNode = FALSE
	EndGlobalSection
	GlobalSection(ExtensibilityGlobals) = postSolution
		SolutionGuid = {E83CFA98-94C0-4D44-95D7-1A148FA1346C}
	EndGlobalSection
EndGlobal
